
Microsoft Visual Studio Solution File, Format Version 12.00
# Visual Studio Version 16
VisualStudioVersion = 16.0.29418.71
MinimumVisualStudioVersion = 10.0.40219.1
Project("{FAE04EC0-301F-11D3-BF4B-00C04F79EFBC}") = "TrafficDataTesting", "TrafficDataTesting.csproj", "{79BE60E6-7322-420D-8727-40AB0879A0A4}"
EndProject
Global
	GlobalSection(SolutionConfigurationPlatforms) = preSolution
		Debug|Any CPU = Debug|Any CPU
		Release|Any CPU = Release|Any CPU
	EndGlobalSection
	GlobalSection(ProjectConfigurationPlatforms) = postSolution
		{79BE60E6-7322-420D-8727-40AB0879A0A4}.Debug|Any CPU.ActiveCfg = Debug|Any CPU
		{79BE60E6-7322-420D-8727-40AB0879A0A4}.Debug|Any CPU.Build.0 = Debug|Any CPU
		{79BE60E6-7322-420D-8727-40AB0879A0A4}.Release|Any CPU.ActiveCfg = Release|Any CPU
		{79BE60E6-7322-420D-8727-40AB0879A0A4}.Release|Any CPU.Build.0 = Release|Any CPU
	EndGlobalSection
	GlobalSection(SolutionProperties) = preSolution
		HideSolutionNode = FALSE
	EndGlobalSection
	GlobalSection(ExtensibilityGlobals) = postSolution
		SolutionGuid = {DDCE6F22-53BE-4B11-A087-371D4C789A18}
	EndGlobalSection
EndGlobal
